
Microsoft Visual Studio Solution File, Format Version 12.00
# Visual Studio Version 16
VisualStudioVersion = 16.0.31025.194
MinimumVisualStudioVersion = 10.0.40219.1
Project("{FAE04EC0-301F-11D3-BF4B-00C04F79EFBC}") = "ReversedTicTacToe.Ui", "ReversedTicTacToe.Ui\ReversedTicTacToe.Ui.csproj", "{5DDF56DF-9B5B-4A88-AE12-2D5D4262909D}"
EndProject
Project("{FAE04EC0-301F-11D3-BF4B-00C04F79EFBC}") = "ReversedTicTacToe.Logic", "ReversedTicTacToe.Logic\ReversedTicTacToe.Logic.csproj", "{EBDE7DC3-81EE-44DD-B04F-5C078643A67D}"
EndProject
Project("{2150E333-8FDC-42A3-9474-1A3956D46DE8}") = "Solution Items", "Solution Items", "{C0B1ED54-3177-4526-9C3C-EBD3FFF5E16B}"
	ProjectSection(SolutionItems) = preProject
		Exercise Checking Report.txt = Exercise Checking Report.txt
	EndProjectSection
EndProject
Global
	GlobalSection(SolutionConfigurationPlatforms) = preSolution
		Debug|Any CPU = Debug|Any CPU
		Release|Any CPU = Release|Any CPU
	EndGlobalSection
	GlobalSection(ProjectConfigurationPlatforms) = postSolution
		{5DDF56DF-9B5B-4A88-AE12-2D5D4262909D}.Debug|Any CPU.ActiveCfg = Debug|Any CPU
		{5DDF56DF-9B5B-4A88-AE12-2D5D4262909D}.Debug|Any CPU.Build.0 = Debug|Any CPU
		{5DDF56DF-9B5B-4A88-AE12-2D5D4262909D}.Release|Any CPU.ActiveCfg = Release|Any CPU
		{5DDF56DF-9B5B-4A88-AE12-2D5D4262909D}.Release|Any CPU.Build.0 = Release|Any CPU
		{EBDE7DC3-81EE-44DD-B04F-5C078643A67D}.Debug|Any CPU.ActiveCfg = Debug|Any CPU
		{EBDE7DC3-81EE-44DD-B04F-5C078643A67D}.Debug|Any CPU.Build.0 = Debug|Any CPU
		{EBDE7DC3-81EE-44DD-B04F-5C078643A67D}.Release|Any CPU.ActiveCfg = Release|Any CPU
		{EBDE7DC3-81EE-44DD-B04F-5C078643A67D}.Release|Any CPU.Build.0 = Release|Any CPU
	EndGlobalSection
	GlobalSection(SolutionProperties) = preSolution
		HideSolutionNode = FALSE
	EndGlobalSection
	GlobalSection(ExtensibilityGlobals) = postSolution
		SolutionGuid = {75F83E43-FFA4-4EF2-825E-DB5D6C9BA038}
	EndGlobalSection
EndGlobal
